
Microsoft Visual Studio Solution File, Format Version 10.00
# Visual Studio 2008
Project("{8BC9CEB8-8B4A-11D0-8D11-00A0C91BC942}") = "cppwebs", "cppwebs.vcproj", "{456A7CCB-B75B-4A49-9220-14B1696A6E2A}"
EndProject
Project("{8BC9CEB8-8B4A-11D0-8D11-00A0C91BC942}") = "restful_server", "..\..\mongoose\examples\restful_server\restful_server.vcproj", "{430A1A37-0BE8-49C9-9F67-9DEA96510432}"
EndProject
Global
	GlobalSection(SolutionConfigurationPlatforms) = preSolution
		Debug|Win32 = Debug|Win32
		Release|Win32 = Release|Win32
	EndGlobalSection
	GlobalSection(ProjectConfigurationPlatforms) = postSolution
		{456A7CCB-B75B-4A49-9220-14B1696A6E2A}.Debug|Win32.ActiveCfg = Debug|Win32
		{456A7CCB-B75B-4A49-9220-14B1696A6E2A}.Debug|Win32.Build.0 = Debug|Win32
		{456A7CCB-B75B-4A49-9220-14B1696A6E2A}.Release|Win32.ActiveCfg = Release|Win32
		{456A7CCB-B75B-4A49-9220-14B1696A6E2A}.Release|Win32.Build.0 = Release|Win32
		{430A1A37-0BE8-49C9-9F67-9DEA96510432}.Debug|Win32.ActiveCfg = Debug|Win32
		{430A1A37-0BE8-49C9-9F67-9DEA96510432}.Debug|Win32.Build.0 = Debug|Win32
		{430A1A37-0BE8-49C9-9F67-9DEA96510432}.Release|Win32.ActiveCfg = Release|Win32
		{430A1A37-0BE8-49C9-9F67-9DEA96510432}.Release|Win32.Build.0 = Release|Win32
	EndGlobalSection
	GlobalSection(SolutionProperties) = preSolution
		HideSolutionNode = FALSE
	EndGlobalSection
EndGlobal
